
Microsoft Visual Studio Solution File, Format Version 12.00
# Visual Studio Version 16
VisualStudioVersion = 16.0.31313.79
MinimumVisualStudioVersion = 10.0.40219.1
Project("{FAE04EC0-301F-11D3-BF4B-00C04F79EFBC}") = "WebServerExample", "WebServerExample\WebServerExample.csproj", "{4C628E54-909E-43C5-B7CA-F962586163AF}"
EndProject
Global
	GlobalSection(SolutionConfigurationPlatforms) = preSolution
		Debug|Any CPU = Debug|Any CPU
		Release|Any CPU = Release|Any CPU
	EndGlobalSection
	GlobalSection(ProjectConfigurationPlatforms) = postSolution
		{4C628E54-909E-43C5-B7CA-F962586163AF}.Debug|Any CPU.ActiveCfg = Debug|Any CPU
		{4C628E54-909E-43C5-B7CA-F962586163AF}.Debug|Any CPU.Build.0 = Debug|Any CPU
		{4C628E54-909E-43C5-B7CA-F962586163AF}.Release|Any CPU.ActiveCfg = Release|Any CPU
		{4C628E54-909E-43C5-B7CA-F962586163AF}.Release|Any CPU.Build.0 = Release|Any CPU
	EndGlobalSection
	GlobalSection(SolutionProperties) = preSolution
		HideSolutionNode = FALSE
	EndGlobalSection
	GlobalSection(ExtensibilityGlobals) = postSolution
		SolutionGuid = {69C7FB60-4E37-4209-A08E-509F09D4246E}
	EndGlobalSection
EndGlobal
